
Microsoft Visual Studio Solution File, Format Version 12.00
# Visual Studio Version 16
VisualStudioVersion = 16.0.31624.102
MinimumVisualStudioVersion = 10.0.40219.1
Project("{9A19103F-16F7-4668-BE54-9A1E7A4F7556}") = "MonsterCardTradingGame", "MonsterCardTradingGame.csproj", "{6E7F18F7-982F-4B9E-8E42-E8B0F5DAEF7B}"
EndProject
Project("{FAE04EC0-301F-11D3-BF4B-00C04F79EFBC}") = "MonsterCardTradingGame.Test", "..\MonsterCardTradingGame.Test\MonsterCardTradingGame.Test.csproj", "{24B2D563-EF03-4A5E-97F2-D1521234AF6F}"
EndProject
Global
	GlobalSection(SolutionConfigurationPlatforms) = preSolution
		Debug|Any CPU = Debug|Any CPU
		Release|Any CPU = Release|Any CPU
	EndGlobalSection
	GlobalSection(ProjectConfigurationPlatforms) = postSolution
		{6E7F18F7-982F-4B9E-8E42-E8B0F5DAEF7B}.Debug|Any CPU.ActiveCfg = Debug|Any CPU
		{6E7F18F7-982F-4B9E-8E42-E8B0F5DAEF7B}.Debug|Any CPU.Build.0 = Debug|Any CPU
		{6E7F18F7-982F-4B9E-8E42-E8B0F5DAEF7B}.Release|Any CPU.ActiveCfg = Release|Any CPU
		{6E7F18F7-982F-4B9E-8E42-E8B0F5DAEF7B}.Release|Any CPU.Build.0 = Release|Any CPU
		{24B2D563-EF03-4A5E-97F2-D1521234AF6F}.Debug|Any CPU.ActiveCfg = Debug|Any CPU
		{24B2D563-EF03-4A5E-97F2-D1521234AF6F}.Debug|Any CPU.Build.0 = Debug|Any CPU
		{24B2D563-EF03-4A5E-97F2-D1521234AF6F}.Release|Any CPU.ActiveCfg = Release|Any CPU
		{24B2D563-EF03-4A5E-97F2-D1521234AF6F}.Release|Any CPU.Build.0 = Release|Any CPU
	EndGlobalSection
	GlobalSection(SolutionProperties) = preSolution
		HideSolutionNode = FALSE
	EndGlobalSection
	GlobalSection(ExtensibilityGlobals) = postSolution
		SolutionGuid = {352F27CE-A47C-4A38-8B1B-1D62D96D1698}
	EndGlobalSection
EndGlobal
